
Microsoft Visual Studio Solution File, Format Version 11.00
# Visual Studio 2010
Project("{2150E333-8FDC-42A3-9474-1A3956D46DE8}") = "Solution Items", "Solution Items", "{0A78FF52-8266-484A-B13D-B91794346D80}"
	ProjectSection(SolutionItems) = preProject
		Local.testsettings = Local.testsettings
		RandomWalker.vsmdi = RandomWalker.vsmdi
		TraceAndTestImpact.testsettings = TraceAndTestImpact.testsettings
	EndProjectSection
EndProject
Project("{FAE04EC0-301F-11D3-BF4B-00C04F79EFBC}") = "Common", "..\OpenPadProject\Common\Common.csproj", "{D7BCE323-ADC9-4E4C-9DB9-E54E3BE20559}"
EndProject
Project("{FAE04EC0-301F-11D3-BF4B-00C04F79EFBC}") = "Walker", "Walker\Walker.csproj", "{47E10DA9-6881-4127-8C9E-9B7C9452CAB8}"
EndProject
Project("{FAE04EC0-301F-11D3-BF4B-00C04F79EFBC}") = "SLaks.Progression", "..\Progression\Progression\SLaks.Progression\SLaks.Progression.csproj", "{96A94E64-924A-4AAD-9A73-9C9A82CF8F18}"
EndProject
Project("{FAE04EC0-301F-11D3-BF4B-00C04F79EFBC}") = "ThreadingTest", "ThreadingTest\ThreadingTest.csproj", "{6487ED85-069D-47F6-8A39-ECECBD83B233}"
EndProject
Project("{FAE04EC0-301F-11D3-BF4B-00C04F79EFBC}") = "ImageConvert", "ImageConvert\ImageConvert.csproj", "{9A9BFE4F-B623-493B-948F-C5EE339AB054}"
EndProject
Project("{8BC9CEB8-8B4A-11D0-8D11-00A0C91BC942}") = "BuldyrevPort", "BuldyrevPort\BuldyrevPort.vcxproj", "{4234D960-4DE1-480F-839A-692A68E12FB8}"
EndProject
Project("{FAE04EC0-301F-11D3-BF4B-00C04F79EFBC}") = "ThreeDWalker", "ThreeDWalker\ThreeDWalker.csproj", "{6ED9C533-195F-475C-8567-C32A5AF707DD}"
EndProject
Project("{FAE04EC0-301F-11D3-BF4B-00C04F79EFBC}") = "WPFChart", "..\..\..\Third Party Source\Charting\WPFChart3d\WPFChart\WPFChart\WPFChart.csproj", "{4594058D-A96A-4B11-93B5-707215E40231}"
EndProject
Global
	GlobalSection(TestCaseManagementSettings) = postSolution
		CategoryFile = RandomWalker.vsmdi
	EndGlobalSection
	GlobalSection(SolutionConfigurationPlatforms) = preSolution
		Debug|Any CPU = Debug|Any CPU
		Debug|Mixed Platforms = Debug|Mixed Platforms
		Debug|Win32 = Debug|Win32
		Debug|x86 = Debug|x86
		Release|Any CPU = Release|Any CPU
		Release|Mixed Platforms = Release|Mixed Platforms
		Release|Win32 = Release|Win32
		Release|x86 = Release|x86
	EndGlobalSection
	GlobalSection(ProjectConfigurationPlatforms) = postSolution
		{D7BCE323-ADC9-4E4C-9DB9-E54E3BE20559}.Debug|Any CPU.ActiveCfg = Debug|Any CPU
		{D7BCE323-ADC9-4E4C-9DB9-E54E3BE20559}.Debug|Any CPU.Build.0 = Debug|Any CPU
		{D7BCE323-ADC9-4E4C-9DB9-E54E3BE20559}.Debug|Mixed Platforms.ActiveCfg = Debug|Any CPU
		{D7BCE323-ADC9-4E4C-9DB9-E54E3BE20559}.Debug|Mixed Platforms.Build.0 = Debug|Any CPU
		{D7BCE323-ADC9-4E4C-9DB9-E54E3BE20559}.Debug|Win32.ActiveCfg = Debug|Any CPU
		{D7BCE323-ADC9-4E4C-9DB9-E54E3BE20559}.Debug|x86.ActiveCfg = Debug|Any CPU
		{D7BCE323-ADC9-4E4C-9DB9-E54E3BE20559}.Release|Any CPU.ActiveCfg = Release|Any CPU
		{D7BCE323-ADC9-4E4C-9DB9-E54E3BE20559}.Release|Any CPU.Build.0 = Release|Any CPU
		{D7BCE323-ADC9-4E4C-9DB9-E54E3BE20559}.Release|Mixed Platforms.ActiveCfg = Release|Any CPU
		{D7BCE323-ADC9-4E4C-9DB9-E54E3BE20559}.Release|Mixed Platforms.Build.0 = Release|Any CPU
		{D7BCE323-ADC9-4E4C-9DB9-E54E3BE20559}.Release|Win32.ActiveCfg = Release|Any CPU
		{D7BCE323-ADC9-4E4C-9DB9-E54E3BE20559}.Release|x86.ActiveCfg = Release|Any CPU
		{47E10DA9-6881-4127-8C9E-9B7C9452CAB8}.Debug|Any CPU.ActiveCfg = Debug|x86
		{47E10DA9-6881-4127-8C9E-9B7C9452CAB8}.Debug|Mixed Platforms.ActiveCfg = Debug|x86
		{47E10DA9-6881-4127-8C9E-9B7C9452CAB8}.Debug|Mixed Platforms.Build.0 = Debug|x86
		{47E10DA9-6881-4127-8C9E-9B7C9452CAB8}.Debug|Win32.ActiveCfg = Debug|x86
		{47E10DA9-6881-4127-8C9E-9B7C9452CAB8}.Debug|x86.ActiveCfg = Debug|x86
		{47E10DA9-6881-4127-8C9E-9B7C9452CAB8}.Debug|x86.Build.0 = Debug|x86
		{47E10DA9-6881-4127-8C9E-9B7C9452CAB8}.Release|Any CPU.ActiveCfg = Release|x86
		{47E10DA9-6881-4127-8C9E-9B7C9452CAB8}.Release|Mixed Platforms.ActiveCfg = Release|x86
		{47E10DA9-6881-4127-8C9E-9B7C9452CAB8}.Release|Mixed Platforms.Build.0 = Release|x86
		{47E10DA9-6881-4127-8C9E-9B7C9452CAB8}.Release|Win32.ActiveCfg = Release|x86
		{47E10DA9-6881-4127-8C9E-9B7C9452CAB8}.Release|x86.ActiveCfg = Release|x86
		{47E10DA9-6881-4127-8C9E-9B7C9452CAB8}.Release|x86.Build.0 = Release|x86
		{96A94E64-924A-4AAD-9A73-9C9A82CF8F18}.Debug|Any CPU.ActiveCfg = Debug|Any CPU
		{96A94E64-924A-4AAD-9A73-9C9A82CF8F18}.Debug|Any CPU.Build.0 = Debug|Any CPU
		{96A94E64-924A-4AAD-9A73-9C9A82CF8F18}.Debug|Mixed Platforms.ActiveCfg = Debug|Any CPU
		{96A94E64-924A-4AAD-9A73-9C9A82CF8F18}.Debug|Mixed Platforms.Build.0 = Debug|Any CPU
		{96A94E64-924A-4AAD-9A73-9C9A82CF8F18}.Debug|Win32.ActiveCfg = Debug|Any CPU
		{96A94E64-924A-4AAD-9A73-9C9A82CF8F18}.Debug|x86.ActiveCfg = Debug|Any CPU
		{96A94E64-924A-4AAD-9A73-9C9A82CF8F18}.Release|Any CPU.ActiveCfg = Release|Any CPU
		{96A94E64-924A-4AAD-9A73-9C9A82CF8F18}.Release|Any CPU.Build.0 = Release|Any CPU
		{96A94E64-924A-4AAD-9A73-9C9A82CF8F18}.Release|Mixed Platforms.ActiveCfg = Release|Any CPU
		{96A94E64-924A-4AAD-9A73-9C9A82CF8F18}.Release|Mixed Platforms.Build.0 = Release|Any CPU
		{96A94E64-924A-4AAD-9A73-9C9A82CF8F18}.Release|Win32.ActiveCfg = Release|Any CPU
		{96A94E64-924A-4AAD-9A73-9C9A82CF8F18}.Release|x86.ActiveCfg = Release|Any CPU
		{6487ED85-069D-47F6-8A39-ECECBD83B233}.Debug|Any CPU.ActiveCfg = Debug|x86
		{6487ED85-069D-47F6-8A39-ECECBD83B233}.Debug|Mixed Platforms.ActiveCfg = Debug|x86
		{6487ED85-069D-47F6-8A39-ECECBD83B233}.Debug|Mixed Platforms.Build.0 = Debug|x86
		{6487ED85-069D-47F6-8A39-ECECBD83B233}.Debug|Win32.ActiveCfg = Debug|x86
		{6487ED85-069D-47F6-8A39-ECECBD83B233}.Debug|x86.ActiveCfg = Debug|x86
		{6487ED85-069D-47F6-8A39-ECECBD83B233}.Debug|x86.Build.0 = Debug|x86
		{6487ED85-069D-47F6-8A39-ECECBD83B233}.Release|Any CPU.ActiveCfg = Release|x86
		{6487ED85-069D-47F6-8A39-ECECBD83B233}.Release|Mixed Platforms.ActiveCfg = Release|x86
		{6487ED85-069D-47F6-8A39-ECECBD83B233}.Release|Mixed Platforms.Build.0 = Release|x86
		{6487ED85-069D-47F6-8A39-ECECBD83B233}.Release|Win32.ActiveCfg = Release|x86
		{6487ED85-069D-47F6-8A39-ECECBD83B233}.Release|x86.ActiveCfg = Release|x86
		{6487ED85-069D-47F6-8A39-ECECBD83B233}.Release|x86.Build.0 = Release|x86
		{9A9BFE4F-B623-493B-948F-C5EE339AB054}.Debug|Any CPU.ActiveCfg = Debug|x86
		{9A9BFE4F-B623-493B-948F-C5EE339AB054}.Debug|Mixed Platforms.ActiveCfg = Debug|x86
		{9A9BFE4F-B623-493B-948F-C5EE339AB054}.Debug|Mixed Platforms.Build.0 = Debug|x86
		{9A9BFE4F-B623-493B-948F-C5EE339AB054}.Debug|Win32.ActiveCfg = Debug|x86
		{9A9BFE4F-B623-493B-948F-C5EE339AB054}.Debug|x86.ActiveCfg = Debug|x86
		{9A9BFE4F-B623-493B-948F-C5EE339AB054}.Debug|x86.Build.0 = Debug|x86
		{9A9BFE4F-B623-493B-948F-C5EE339AB054}.Release|Any CPU.ActiveCfg = Release|x86
		{9A9BFE4F-B623-493B-948F-C5EE339AB054}.Release|Mixed Platforms.ActiveCfg = Release|x86
		{9A9BFE4F-B623-493B-948F-C5EE339AB054}.Release|Mixed Platforms.Build.0 = Release|x86
		{9A9BFE4F-B623-493B-948F-C5EE339AB054}.Release|Win32.ActiveCfg = Release|x86
		{9A9BFE4F-B623-493B-948F-C5EE339AB054}.Release|x86.ActiveCfg = Release|x86
		{9A9BFE4F-B623-493B-948F-C5EE339AB054}.Release|x86.Build.0 = Release|x86
		{4234D960-4DE1-480F-839A-692A68E12FB8}.Debug|Any CPU.ActiveCfg = Debug|Win32
		{4234D960-4DE1-480F-839A-692A68E12FB8}.Debug|Mixed Platforms.ActiveCfg = Debug|Win32
		{4234D960-4DE1-480F-839A-692A68E12FB8}.Debug|Mixed Platforms.Build.0 = Debug|Win32
		{4234D960-4DE1-480F-839A-692A68E12FB8}.Debug|Win32.ActiveCfg = Debug|Win32
		{4234D960-4DE1-480F-839A-692A68E12FB8}.Debug|Win32.Build.0 = Debug|Win32
		{4234D960-4DE1-480F-839A-692A68E12FB8}.Debug|x86.ActiveCfg = Debug|Win32
		{4234D960-4DE1-480F-839A-692A68E12FB8}.Release|Any CPU.ActiveCfg = Release|Win32
		{4234D960-4DE1-480F-839A-692A68E12FB8}.Release|Mixed Platforms.ActiveCfg = Release|Win32
		{4234D960-4DE1-480F-839A-692A68E12FB8}.Release|Mixed Platforms.Build.0 = Release|Win32
		{4234D960-4DE1-480F-839A-692A68E12FB8}.Release|Win32.ActiveCfg = Release|Win32
		{4234D960-4DE1-480F-839A-692A68E12FB8}.Release|Win32.Build.0 = Release|Win32
		{4234D960-4DE1-480F-839A-692A68E12FB8}.Release|x86.ActiveCfg = Release|Win32
		{6ED9C533-195F-475C-8567-C32A5AF707DD}.Debug|Any CPU.ActiveCfg = Debug|x86
		{6ED9C533-195F-475C-8567-C32A5AF707DD}.Debug|Mixed Platforms.ActiveCfg = Debug|x86
		{6ED9C533-195F-475C-8567-C32A5AF707DD}.Debug|Mixed Platforms.Build.0 = Debug|x86
		{6ED9C533-195F-475C-8567-C32A5AF707DD}.Debug|Win32.ActiveCfg = Debug|x86
		{6ED9C533-195F-475C-8567-C32A5AF707DD}.Debug|x86.ActiveCfg = Debug|x86
		{6ED9C533-195F-475C-8567-C32A5AF707DD}.Debug|x86.Build.0 = Debug|x86
		{6ED9C533-195F-475C-8567-C32A5AF707DD}.Release|Any CPU.ActiveCfg = Release|x86
		{6ED9C533-195F-475C-8567-C32A5AF707DD}.Release|Mixed Platforms.ActiveCfg = Release|x86
		{6ED9C533-195F-475C-8567-C32A5AF707DD}.Release|Mixed Platforms.Build.0 = Release|x86
		{6ED9C533-195F-475C-8567-C32A5AF707DD}.Release|Win32.ActiveCfg = Release|x86
		{6ED9C533-195F-475C-8567-C32A5AF707DD}.Release|x86.ActiveCfg = Release|x86
		{6ED9C533-195F-475C-8567-C32A5AF707DD}.Release|x86.Build.0 = Release|x86
		{4594058D-A96A-4B11-93B5-707215E40231}.Debug|Any CPU.ActiveCfg = Debug|Any CPU
		{4594058D-A96A-4B11-93B5-707215E40231}.Debug|Any CPU.Build.0 = Debug|Any CPU
		{4594058D-A96A-4B11-93B5-707215E40231}.Debug|Mixed Platforms.ActiveCfg = Debug|Any CPU
		{4594058D-A96A-4B11-93B5-707215E40231}.Debug|Mixed Platforms.Build.0 = Debug|Any CPU
		{4594058D-A96A-4B11-93B5-707215E40231}.Debug|Win32.ActiveCfg = Debug|Any CPU
		{4594058D-A96A-4B11-93B5-707215E40231}.Debug|x86.ActiveCfg = Debug|Any CPU
		{4594058D-A96A-4B11-93B5-707215E40231}.Release|Any CPU.ActiveCfg = Release|Any CPU
		{4594058D-A96A-4B11-93B5-707215E40231}.Release|Any CPU.Build.0 = Release|Any CPU
		{4594058D-A96A-4B11-93B5-707215E40231}.Release|Mixed Platforms.ActiveCfg = Release|Any CPU
		{4594058D-A96A-4B11-93B5-707215E40231}.Release|Mixed Platforms.Build.0 = Release|Any CPU
		{4594058D-A96A-4B11-93B5-707215E40231}.Release|Win32.ActiveCfg = Release|Any CPU
		{4594058D-A96A-4B11-93B5-707215E40231}.Release|x86.ActiveCfg = Release|Any CPU
	EndGlobalSection
	GlobalSection(SolutionProperties) = preSolution
		HideSolutionNode = FALSE
	EndGlobalSection
EndGlobal
